
Microsoft Visual Studio Solution File, Format Version 12.00
# Visual Studio Version 17
VisualStudioVersion = 17.6.33801.468
MinimumVisualStudioVersion = 10.0.40219.1
Project("{9A19103F-16F7-4668-BE54-9A1E7A4F7556}") = "CRUDUsers", "Users\CRUDUsers.csproj", "{5C5AF405-942B-4024-8577-78C6CC459B7A}"
EndProject
Global
	GlobalSection(SolutionConfigurationPlatforms) = preSolution
		Debug|Any CPU = Debug|Any CPU
		Release|Any CPU = Release|Any CPU
	EndGlobalSection
	GlobalSection(ProjectConfigurationPlatforms) = postSolution
		{5C5AF405-942B-4024-8577-78C6CC459B7A}.Debug|Any CPU.ActiveCfg = Debug|Any CPU
		{5C5AF405-942B-4024-8577-78C6CC459B7A}.Debug|Any CPU.Build.0 = Debug|Any CPU
		{5C5AF405-942B-4024-8577-78C6CC459B7A}.Release|Any CPU.ActiveCfg = Release|Any CPU
		{5C5AF405-942B-4024-8577-78C6CC459B7A}.Release|Any CPU.Build.0 = Release|Any CPU
	EndGlobalSection
	GlobalSection(SolutionProperties) = preSolution
		HideSolutionNode = FALSE
	EndGlobalSection
	GlobalSection(ExtensibilityGlobals) = postSolution
		SolutionGuid = {98BB1BD7-2F84-4DA2-9602-C86CA965ABD9}
	EndGlobalSection
EndGlobal
